
Microsoft Visual Studio Solution File, Format Version 12.00
# Visual Studio Version 16
VisualStudioVersion = 16.0.30523.141
MinimumVisualStudioVersion = 10.0.40219.1
Project("{FAE04EC0-301F-11D3-BF4B-00C04F79EFBC}") = "Turn.Net", "Turn.Net.csproj", "{8D7CCA9B-84ED-4CE5-8AC8-A5D0C5A1A33C}"
EndProject
Project("{FAE04EC0-301F-11D3-BF4B-00C04F79EFBC}") = "Stability", "..\Stabiliity\Stability.csproj", "{BCBBA95F-9832-4E47-AF46-5D02C46A61B8}"
EndProject
Global
	GlobalSection(SolutionConfigurationPlatforms) = preSolution
		Debug|Any CPU = Debug|Any CPU
		Release|Any CPU = Release|Any CPU
	EndGlobalSection
	GlobalSection(ProjectConfigurationPlatforms) = postSolution
		{8D7CCA9B-84ED-4CE5-8AC8-A5D0C5A1A33C}.Debug|Any CPU.ActiveCfg = Debug|Any CPU
		{8D7CCA9B-84ED-4CE5-8AC8-A5D0C5A1A33C}.Debug|Any CPU.Build.0 = Debug|Any CPU
		{8D7CCA9B-84ED-4CE5-8AC8-A5D0C5A1A33C}.Release|Any CPU.ActiveCfg = Release|Any CPU
		{8D7CCA9B-84ED-4CE5-8AC8-A5D0C5A1A33C}.Release|Any CPU.Build.0 = Release|Any CPU
		{BCBBA95F-9832-4E47-AF46-5D02C46A61B8}.Debug|Any CPU.ActiveCfg = Debug|Any CPU
		{BCBBA95F-9832-4E47-AF46-5D02C46A61B8}.Debug|Any CPU.Build.0 = Debug|Any CPU
		{BCBBA95F-9832-4E47-AF46-5D02C46A61B8}.Release|Any CPU.ActiveCfg = Release|Any CPU
		{BCBBA95F-9832-4E47-AF46-5D02C46A61B8}.Release|Any CPU.Build.0 = Release|Any CPU
	EndGlobalSection
	GlobalSection(SolutionProperties) = preSolution
		HideSolutionNode = FALSE
	EndGlobalSection
	GlobalSection(ExtensibilityGlobals) = postSolution
		SolutionGuid = {0BA10609-ABB7-42CE-8855-2305C7D8EA40}
	EndGlobalSection
EndGlobal
